
Microsoft Visual Studio Solution File, Format Version 12.00
# Visual Studio Version 17
VisualStudioVersion = 17.14.37111.16 d17.14
MinimumVisualStudioVersion = 10.0.40219.1
Project("{FAE04EC0-301F-11D3-BF4B-00C04F79EFBC}") = "Trabajo Parcial", "Trabajo Parcial.csproj", "{572B0088-77C7-4AFD-BEC4-0BF66C897AD0}"
EndProject
Global
	GlobalSection(SolutionConfigurationPlatforms) = preSolution
		Debug|Any CPU = Debug|Any CPU
		Release|Any CPU = Release|Any CPU
	EndGlobalSection
	GlobalSection(ProjectConfigurationPlatforms) = postSolution
		{572B0088-77C7-4AFD-BEC4-0BF66C897AD0}.Debug|Any CPU.ActiveCfg = Debug|Any CPU
		{572B0088-77C7-4AFD-BEC4-0BF66C897AD0}.Debug|Any CPU.Build.0 = Debug|Any CPU
		{572B0088-77C7-4AFD-BEC4-0BF66C897AD0}.Release|Any CPU.ActiveCfg = Release|Any CPU
		{572B0088-77C7-4AFD-BEC4-0BF66C897AD0}.Release|Any CPU.Build.0 = Release|Any CPU
	EndGlobalSection
	GlobalSection(SolutionProperties) = preSolution
		HideSolutionNode = FALSE
	EndGlobalSection
	GlobalSection(ExtensibilityGlobals) = postSolution
		SolutionGuid = {EB819271-D4EF-4A38-879C-FD9EB80EC227}
	EndGlobalSection
EndGlobal
